
Microsoft Visual Studio Solution File, Format Version 12.00
# Visual Studio Version 16
VisualStudioVersion = 16.0.29519.87
MinimumVisualStudioVersion = 10.0.40219.1
Project("{9A19103F-16F7-4668-BE54-9A1E7A4F7556}") = "Streamistic", "SilkVideo\Streamistic.csproj", "{A7596073-E0AB-46CF-8C29-740CD8A39C6E}"
EndProject
Project("{E24C65DC-7377-472B-9ABA-BC803B73C61A}") = "RecordService", "RecordService\", "{EF60A548-A495-4C14-B404-F0998DE4C8C0}"
	ProjectSection(WebsiteProperties) = preProject
		TargetFrameworkMoniker = ".NETFramework,Version%3Dv4.7.2"
		ProjectReferences = "{a7596073-e0ab-46cf-8c29-740cd8a39c6e}|Streamistic.dll;"
		Debug.AspNetCompiler.VirtualPath = "/localhost_58016"
		Debug.AspNetCompiler.PhysicalPath = "RecordService\"
		Debug.AspNetCompiler.TargetPath = "PrecompiledWeb\localhost_58016\"
		Debug.AspNetCompiler.Updateable = "true"
		Debug.AspNetCompiler.ForceOverwrite = "true"
		Debug.AspNetCompiler.FixedNames = "false"
		Debug.AspNetCompiler.Debug = "True"
		Release.AspNetCompiler.VirtualPath = "/localhost_58016"
		Release.AspNetCompiler.PhysicalPath = "RecordService\"
		Release.AspNetCompiler.TargetPath = "PrecompiledWeb\localhost_58016\"
		Release.AspNetCompiler.Updateable = "true"
		Release.AspNetCompiler.ForceOverwrite = "true"
		Release.AspNetCompiler.FixedNames = "false"
		Release.AspNetCompiler.Debug = "False"
		VWDPort = "58016"
		SlnRelativePath = "RecordService\"
		DefaultWebSiteLanguage = "Visual C#"
	EndProjectSection
EndProject
Global
	GlobalSection(SolutionConfigurationPlatforms) = preSolution
		Debug|Any CPU = Debug|Any CPU
		Release|Any CPU = Release|Any CPU
	EndGlobalSection
	GlobalSection(ProjectConfigurationPlatforms) = postSolution
		{A7596073-E0AB-46CF-8C29-740CD8A39C6E}.Debug|Any CPU.ActiveCfg = Debug|Any CPU
		{A7596073-E0AB-46CF-8C29-740CD8A39C6E}.Debug|Any CPU.Build.0 = Debug|Any CPU
		{A7596073-E0AB-46CF-8C29-740CD8A39C6E}.Release|Any CPU.ActiveCfg = Release|Any CPU
		{A7596073-E0AB-46CF-8C29-740CD8A39C6E}.Release|Any CPU.Build.0 = Release|Any CPU
		{EF60A548-A495-4C14-B404-F0998DE4C8C0}.Debug|Any CPU.ActiveCfg = Debug|Any CPU
		{EF60A548-A495-4C14-B404-F0998DE4C8C0}.Debug|Any CPU.Build.0 = Debug|Any CPU
		{EF60A548-A495-4C14-B404-F0998DE4C8C0}.Release|Any CPU.ActiveCfg = Debug|Any CPU
		{EF60A548-A495-4C14-B404-F0998DE4C8C0}.Release|Any CPU.Build.0 = Debug|Any CPU
	EndGlobalSection
	GlobalSection(SolutionProperties) = preSolution
		HideSolutionNode = FALSE
	EndGlobalSection
	GlobalSection(ExtensibilityGlobals) = postSolution
		SolutionGuid = {1161FB7F-7E44-4B2A-B513-96D4E66751C3}
	EndGlobalSection
EndGlobal
